
Microsoft Visual Studio Solution File, Format Version 12.00
# Visual Studio Version 16
VisualStudioVersion = 16.0.30002.166
MinimumVisualStudioVersion = 10.0.40219.1
Project("{FAE04EC0-301F-11D3-BF4B-00C04F79EFBC}") = "netnje", "netnje.csproj", "{C6595B3D-ACCD-4D9D-9CA5-2EB01C704DAD}"
EndProject
Project("{2150E333-8FDC-42A3-9474-1A3956D46DE8}") = "Solution Items", "Solution Items", "{1E425989-0912-4C5C-869E-B3C5D16083C5}"
	ProjectSection(SolutionItems) = preProject
		README.md = README.md
	EndProjectSection
EndProject
Global
	GlobalSection(SolutionConfigurationPlatforms) = preSolution
		Debug|Any CPU = Debug|Any CPU
		Release|Any CPU = Release|Any CPU
	EndGlobalSection
	GlobalSection(ProjectConfigurationPlatforms) = postSolution
		{C6595B3D-ACCD-4D9D-9CA5-2EB01C704DAD}.Debug|Any CPU.ActiveCfg = Debug|Any CPU
		{C6595B3D-ACCD-4D9D-9CA5-2EB01C704DAD}.Debug|Any CPU.Build.0 = Debug|Any CPU
		{C6595B3D-ACCD-4D9D-9CA5-2EB01C704DAD}.Release|Any CPU.ActiveCfg = Release|Any CPU
		{C6595B3D-ACCD-4D9D-9CA5-2EB01C704DAD}.Release|Any CPU.Build.0 = Release|Any CPU
	EndGlobalSection
	GlobalSection(SolutionProperties) = preSolution
		HideSolutionNode = FALSE
	EndGlobalSection
	GlobalSection(ExtensibilityGlobals) = postSolution
		SolutionGuid = {5168F790-5B1F-4AD3-ABAC-63AA0660877F}
	EndGlobalSection
EndGlobal
